// !$*UTF8*$!
{
	archiveVersion = 1;
	classes = {
	};
	objectVersion = 46;
	objects = {

/* Begin PBXBuildFile section */
		12BBA0426BE3196BE73A55CB /* Pods.framework in Frameworks */ = {isa = PBXBuildFile; fileRef = 90484F32E9B3B223B0DBE339 /* Pods.framework */; };
		E408A9851D519EBC00B34655 /* InternetResponse.m in Sources */ = {isa = PBXBuildFile; fileRef = E408A9841D519EBC00B34655 /* InternetResponse.m */; };
		E408A98C1D51A83600B34655 /* Currency+CoreDataProperties.m in Sources */ = {isa = PBXBuildFile; fileRef = E408A9891D51A83600B34655 /* Currency+CoreDataProperties.m */; };
		E408A98D1D51A83600B34655 /* Currency.m in Sources */ = {isa = PBXBuildFile; fileRef = E408A98B1D51A83600B34655 /* Currency.m */; };
		E408A9921D51A84700B34655 /* DaoManager.m in Sources */ = {isa = PBXBuildFile; fileRef = E408A98F1D51A84700B34655 /* DaoManager.m */; };
		E408A9931D51A84700B34655 /* DaoTemplate.m in Sources */ = {isa = PBXBuildFile; fileRef = E408A9911D51A84700B34655 /* DaoTemplate.m */; };
		E408A9961D51A88A00B34655 /* CurrencyDao.m in Sources */ = {isa = PBXBuildFile; fileRef = E408A9951D51A88A00B34655 /* CurrencyDao.m */; };
		E408A9991D51AF3D00B34655 /* CurrenciesTableViewController.m in Sources */ = {isa = PBXBuildFile; fileRef = E408A9981D51AF3D00B34655 /* CurrenciesTableViewController.m */; };
		E408AB9E1D51B51E00B34655 /* UserTool.m in Sources */ = {isa = PBXBuildFile; fileRef = E408AB9D1D51B51E00B34655 /* UserTool.m */; };
		E410EEB61D51E5D50077E1D9 /* HelpViewController.m in Sources */ = {isa = PBXBuildFile; fileRef = E410EEB51D51E5D50077E1D9 /* HelpViewController.m */; };
		E41451991D4F8AA000AFE672 /* RateViewController.m in Sources */ = {isa = PBXBuildFile; fileRef = E41451981D4F8AA000AFE672 /* RateViewController.m */; };
		E414519F1D502E8200AFE672 /* LoginViewController.m in Sources */ = {isa = PBXBuildFile; fileRef = E414519E1D502E8200AFE672 /* LoginViewController.m */; };
		E43697691D58488200781223 /* Subscribe+CoreDataProperties.m in Sources */ = {isa = PBXBuildFile; fileRef = E43697661D58488200781223 /* Subscribe+CoreDataProperties.m */; };
		E436976A1D58488200781223 /* Subscribe.m in Sources */ = {isa = PBXBuildFile; fileRef = E43697681D58488200781223 /* Subscribe.m */; };
		E44899981D52DA4600BDD71B /* CommonTool.m in Sources */ = {isa = PBXBuildFile; fileRef = E44899971D52DA4600BDD71B /* CommonTool.m */; };
		E44899A01D534CA800BDD71B /* lauch-bg.jpg in Resources */ = {isa = PBXBuildFile; fileRef = E448999F1D534CA800BDD71B /* lauch-bg.jpg */; };
		E46B5BC11D58B46700CE407F /* RightMenuViewController.m in Sources */ = {isa = PBXBuildFile; fileRef = E46B5BC01D58B46700CE407F /* RightMenuViewController.m */; };
		E46B5BC31D58BBEC00CE407F /* right-bg.jpg in Resources */ = {isa = PBXBuildFile; fileRef = E46B5BC21D58BBEC00CE407F /* right-bg.jpg */; };
		E46B5BC51D59959C00CE407F /* Assets.xcassets in Resources */ = {isa = PBXBuildFile; fileRef = E46B5BC41D59959C00CE407F /* Assets.xcassets */; };
		E46FB51C1D4E305800661E13 /* main.m in Sources */ = {isa = PBXBuildFile; fileRef = E46FB51B1D4E305800661E13 /* main.m */; };
		E46FB51F1D4E305800661E13 /* AppDelegate.m in Sources */ = {isa = PBXBuildFile; fileRef = E46FB51E1D4E305800661E13 /* AppDelegate.m */; };
		E46FB5251D4E305800661E13 /* Main.storyboard in Resources */ = {isa = PBXBuildFile; fileRef = E46FB5231D4E305800661E13 /* Main.storyboard */; };
		E46FB5281D4E305800661E13 /* Rate_iOS.xcdatamodeld in Sources */ = {isa = PBXBuildFile; fileRef = E46FB5261D4E305800661E13 /* Rate_iOS.xcdatamodeld */; };
		E46FB52D1D4E305800661E13 /* LaunchScreen.storyboard in Resources */ = {isa = PBXBuildFile; fileRef = E46FB52B1D4E305800661E13 /* LaunchScreen.storyboard */; };
		E46FB5381D4E305800661E13 /* Rate_iOSTests.m in Sources */ = {isa = PBXBuildFile; fileRef = E46FB5371D4E305800661E13 /* Rate_iOSTests.m */; };
		E46FB5431D4E305800661E13 /* Rate_iOSUITests.m in Sources */ = {isa = PBXBuildFile; fileRef = E46FB5421D4E305800661E13 /* Rate_iOSUITests.m */; };
		E46FB5551D4E47CF00661E13 /* RatesTableViewController.m in Sources */ = {isa = PBXBuildFile; fileRef = E46FB5541D4E47CF00661E13 /* RatesTableViewController.m */; };
		E476EAF81D5849EE0001DCDC /* SubscribeDao.m in Sources */ = {isa = PBXBuildFile; fileRef = E476EAF71D5849EE0001DCDC /* SubscribeDao.m */; };
		E4852F8C1D5093590039B79B /* InternetTool.m in Sources */ = {isa = PBXBuildFile; fileRef = E4852F8B1D5093590039B79B /* InternetTool.m */; };
		E496A7A01D4F095A003B0F1D /* MyProfileTableViewController.m in Sources */ = {isa = PBXBuildFile; fileRef = E496A79F1D4F095A003B0F1D /* MyProfileTableViewController.m */; };
		E498D6471D6737FB0083260F /* ProfilePhotoViewController.m in Sources */ = {isa = PBXBuildFile; fileRef = E498D6461D6737FB0083260F /* ProfilePhotoViewController.m */; };
		E49A351C1D4F35E70073E079 /* MeTableViewController.m in Sources */ = {isa = PBXBuildFile; fileRef = E49A351B1D4F35E70073E079 /* MeTableViewController.m */; };
		E49A351F1D4F4CCE0073E079 /* SubscriptionsTableViewController.m in Sources */ = {isa = PBXBuildFile; fileRef = E49A351E1D4F4CCE0073E079 /* SubscriptionsTableViewController.m */; };
		E49A35221D4F4CD90073E079 /* AddSubscribeTableViewController.m in Sources */ = {isa = PBXBuildFile; fileRef = E49A35211D4F4CD90073E079 /* AddSubscribeTableViewController.m */; };
		E4D057AA1D544BAC0003ADA4 /* LoadingViewController.m in Sources */ = {isa = PBXBuildFile; fileRef = E4D057A91D544BAB0003ADA4 /* LoadingViewController.m */; };
		E4D057BB1D5498EC0003ADA4 /* RegisterViewController.m in Sources */ = {isa = PBXBuildFile; fileRef = E4D057BA1D5498EC0003ADA4 /* RegisterViewController.m */; };
		E4D057BE1D54BF4C0003ADA4 /* AlertTool.m in Sources */ = {isa = PBXBuildFile; fileRef = E4D057BD1D54BF4C0003ADA4 /* AlertTool.m */; };
		E4E8129A1D521E50003DEE58 /* LanguagesTableViewController.m in Sources */ = {isa = PBXBuildFile; fileRef = E4E812991D521E50003DEE58 /* LanguagesTableViewController.m */; };
		E4EC8A8D1D5229B600CECF5D /* EditSubscriptionTableViewController.m in Sources */ = {isa = PBXBuildFile; fileRef = E4EC8A8C1D5229B600CECF5D /* EditSubscriptionTableViewController.m */; };
		E4EC8A901D522DC900CECF5D /* FeedbackViewController.m in Sources */ = {isa = PBXBuildFile; fileRef = E4EC8A8F1D522DC900CECF5D /* FeedbackViewController.m */; };
		E4EEEC101D5730D200A50E1C /* NameViewController.m in Sources */ = {isa = PBXBuildFile; fileRef = E4EEEC0F1D5730D200A50E1C /* NameViewController.m */; };
		E4EEEC131D5730DE00A50E1C /* TelephoneViewController.m in Sources */ = {isa = PBXBuildFile; fileRef = E4EEEC121D5730DE00A50E1C /* TelephoneViewController.m */; };
		E4EEEC161D5730E900A50E1C /* PasswordViewController.m in Sources */ = {isa = PBXBuildFile; fileRef = E4EEEC151D5730E900A50E1C /* PasswordViewController.m */; };
		E4F337531D5CB6140013F4D9 /* MySearchResultsController.m in Sources */ = {isa = PBXBuildFile; fileRef = E4F337521D5CB6140013F4D9 /* MySearchResultsController.m */; };
/* End PBXBuildFile section */

/* Begin PBXContainerItemProxy section */
		E46FB5341D4E305800661E13 /* PBXContainerItemProxy */ = {
			isa = PBXContainerItemProxy;
			containerPortal = E46FB50F1D4E305800661E13 /* Project object */;
			proxyType = 1;
			remoteGlobalIDString = E46FB5161D4E305800661E13;
			remoteInfo = "Rate-iOS";
		};
		E46FB53F1D4E305800661E13 /* PBXContainerItemProxy */ = {
			isa = PBXContainerItemProxy;
			containerPortal = E46FB50F1D4E305800661E13 /* Project object */;
			proxyType = 1;
			remoteGlobalIDString = E46FB5161D4E305800661E13;
			remoteInfo = "Rate-iOS";
		};
/* End PBXContainerItemProxy section */

/* Begin PBXFileReference section */
		90484F32E9B3B223B0DBE339 /* Pods.framework */ = {isa = PBXFileReference; explicitFileType = wrapper.framework; includeInIndex = 0; path = Pods.framework; sourceTree = BUILT_PRODUCTS_DIR; };
		E408A9831D519EBC00B34655 /* InternetResponse.h */ = {isa = PBXFileReference; fileEncoding = 4; lastKnownFileType = sourcecode.c.h; path = InternetResponse.h; sourceTree = "<group>"; };
		E408A9841D519EBC00B34655 /* InternetResponse.m */ = {isa = PBXFileReference; fileEncoding = 4; lastKnownFileType = sourcecode.c.objc; path = InternetResponse.m; sourceTree = "<group>"; };
		E408A9881D51A83600B34655 /* Currency+CoreDataProperties.h */ = {isa = PBXFileReference; fileEncoding = 4; lastKnownFileType = sourcecode.c.h; path = "Currency+CoreDataProperties.h"; sourceTree = "<group>"; };
		E408A9891D51A83600B34655 /* Currency+CoreDataProperties.m */ = {isa = PBXFileReference; fileEncoding = 4; lastKnownFileType = sourcecode.c.objc; path = "Currency+CoreDataProperties.m"; sourceTree = "<group>"; };
		E408A98A1D51A83600B34655 /* Currency.h */ = {isa = PBXFileReference; fileEncoding = 4; lastKnownFileType = sourcecode.c.h; path = Currency.h; sourceTree = "<group>"; };
		E408A98B1D51A83600B34655 /* Currency.m */ = {isa = PBXFileReference; fileEncoding = 4; lastKnownFileType = sourcecode.c.objc; path = Currency.m; sourceTree = "<group>"; };
		E408A98E1D51A84700B34655 /* DaoManager.h */ = {isa = PBXFileReference; fileEncoding = 4; lastKnownFileType = sourcecode.c.h; path = DaoManager.h; sourceTree = "<group>"; };
		E408A98F1D51A84700B34655 /* DaoManager.m */ = {isa = PBXFileReference; fileEncoding = 4; lastKnownFileType = sourcecode.c.objc; path = DaoManager.m; sourceTree = "<group>"; };
		E408A9901D51A84700B34655 /* DaoTemplate.h */ = {isa = PBXFileReference; fileEncoding = 4; lastKnownFileType = sourcecode.c.h; path = DaoTemplate.h; sourceTree = "<group>"; };
		E408A9911D51A84700B34655 /* DaoTemplate.m */ = {isa = PBXFileReference; fileEncoding = 4; lastKnownFileType = sourcecode.c.objc; path = DaoTemplate.m; sourceTree = "<group>"; };
		E408A9941D51A88A00B34655 /* CurrencyDao.h */ = {isa = PBXFileReference; fileEncoding = 4; lastKnownFileType = sourcecode.c.h; path = CurrencyDao.h; sourceTree = "<group>"; };
		E408A9951D51A88A00B34655 /* CurrencyDao.m */ = {isa = PBXFileReference; fileEncoding = 4; lastKnownFileType = sourcecode.c.objc; path = CurrencyDao.m; sourceTree = "<group>"; };
		E408A9971D51AF3D00B34655 /* CurrenciesTableViewController.h */ = {isa = PBXFileReference; fileEncoding = 4; lastKnownFileType = sourcecode.c.h; path = CurrenciesTableViewController.h; sourceTree = "<group>"; };
		E408A9981D51AF3D00B34655 /* CurrenciesTableViewController.m */ = {isa = PBXFileReference; fileEncoding = 4; lastKnownFileType = sourcecode.c.objc; path = CurrenciesTableViewController.m; sourceTree = "<group>"; };
		E408AB9C1D51B51E00B34655 /* UserTool.h */ = {isa = PBXFileReference; fileEncoding = 4; lastKnownFileType = sourcecode.c.h; path = UserTool.h; sourceTree = "<group>"; };
		E408AB9D1D51B51E00B34655 /* UserTool.m */ = {isa = PBXFileReference; fileEncoding = 4; lastKnownFileType = sourcecode.c.objc; path = UserTool.m; sourceTree = "<group>"; };
		E410EEB41D51E5D50077E1D9 /* HelpViewController.h */ = {isa = PBXFileReference; fileEncoding = 4; lastKnownFileType = sourcecode.c.h; path = HelpViewController.h; sourceTree = "<group>"; };
		E410EEB51D51E5D50077E1D9 /* HelpViewController.m */ = {isa = PBXFileReference; fileEncoding = 4; lastKnownFileType = sourcecode.c.objc; path = HelpViewController.m; sourceTree = "<group>"; };
		E41451911D4F88BD00AFE672 /* Rate-iOS-Bridging-Header.h */ = {isa = PBXFileReference; lastKnownFileType = sourcecode.c.h; path = "Rate-iOS-Bridging-Header.h"; sourceTree = "<group>"; };
		E41451971D4F8AA000AFE672 /* RateViewController.h */ = {isa = PBXFileReference; fileEncoding = 4; lastKnownFileType = sourcecode.c.h; path = RateViewController.h; sourceTree = "<group>"; };
		E41451981D4F8AA000AFE672 /* RateViewController.m */ = {isa = PBXFileReference; fileEncoding = 4; lastKnownFileType = sourcecode.c.objc; path = RateViewController.m; sourceTree = "<group>"; };
		E414519D1D502E8200AFE672 /* LoginViewController.h */ = {isa = PBXFileReference; fileEncoding = 4; lastKnownFileType = sourcecode.c.h; path = LoginViewController.h; sourceTree = "<group>"; };
		E414519E1D502E8200AFE672 /* LoginViewController.m */ = {isa = PBXFileReference; fileEncoding = 4; lastKnownFileType = sourcecode.c.objc; path = LoginViewController.m; sourceTree = "<group>"; };
		E43697651D58488200781223 /* Subscribe+CoreDataProperties.h */ = {isa = PBXFileReference; fileEncoding = 4; lastKnownFileType = sourcecode.c.h; path = "Subscribe+CoreDataProperties.h"; sourceTree = "<group>"; };
		E43697661D58488200781223 /* Subscribe+CoreDataProperties.m */ = {isa = PBXFileReference; fileEncoding = 4; lastKnownFileType = sourcecode.c.objc; path = "Subscribe+CoreDataProperties.m"; sourceTree = "<group>"; };
		E43697671D58488200781223 /* Subscribe.h */ = {isa = PBXFileReference; fileEncoding = 4; lastKnownFileType = sourcecode.c.h; path = Subscribe.h; sourceTree = "<group>"; };
		E43697681D58488200781223 /* Subscribe.m */ = {isa = PBXFileReference; fileEncoding = 4; lastKnownFileType = sourcecode.c.objc; path = Subscribe.m; sourceTree = "<group>"; };
		E44899961D52DA4600BDD71B /* CommonTool.h */ = {isa = PBXFileReference; fileEncoding = 4; lastKnownFileType = sourcecode.c.h; path = CommonTool.h; sourceTree = "<group>"; };
		E44899971D52DA4600BDD71B /* CommonTool.m */ = {isa = PBXFileReference; fileEncoding = 4; lastKnownFileType = sourcecode.c.objc; path = CommonTool.m; sourceTree = "<group>"; };
		E448999F1D534CA800BDD71B /* lauch-bg.jpg */ = {isa = PBXFileReference; lastKnownFileType = image.jpeg; path = "lauch-bg.jpg"; sourceTree = "<group>"; };
		E46B5BBF1D58B46700CE407F /* RightMenuViewController.h */ = {isa = PBXFileReference; fileEncoding = 4; lastKnownFileType = sourcecode.c.h; path = RightMenuViewController.h; sourceTree = "<group>"; };
		E46B5BC01D58B46700CE407F /* RightMenuViewController.m */ = {isa = PBXFileReference; fileEncoding = 4; lastKnownFileType = sourcecode.c.objc; path = RightMenuViewController.m; sourceTree = "<group>"; };
		E46B5BC21D58BBEC00CE407F /* right-bg.jpg */ = {isa = PBXFileReference; lastKnownFileType = image.jpeg; path = "right-bg.jpg"; sourceTree = "<group>"; };
		E46B5BC41D59959C00CE407F /* Assets.xcassets */ = {isa = PBXFileReference; lastKnownFileType = folder.assetcatalog; path = Assets.xcassets; sourceTree = "<group>"; };
		E46FB5171D4E305800661E13 /* Rate-iOS.app */ = {isa = PBXFileReference; explicitFileType = wrapper.application; includeInIndex = 0; path = "Rate-iOS.app"; sourceTree = BUILT_PRODUCTS_DIR; };
		E46FB51B1D4E305800661E13 /* main.m */ = {isa = PBXFileReference; lastKnownFileType = sourcecode.c.objc; path = main.m; sourceTree = "<group>"; };
		E46FB51D1D4E305800661E13 /* AppDelegate.h */ = {isa = PBXFileReference; lastKnownFileType = sourcecode.c.h; path = AppDelegate.h; sourceTree = "<group>"; };
		E46FB51E1D4E305800661E13 /* AppDelegate.m */ = {isa = PBXFileReference; lastKnownFileType = sourcecode.c.objc; path = AppDelegate.m; sourceTree = "<group>"; };
		E46FB5241D4E305800661E13 /* Base */ = {isa = PBXFileReference; lastKnownFileType = file.storyboard; name = Base; path = Base.lproj/Main.storyboard; sourceTree = "<group>"; };
		E46FB5271D4E305800661E13 /* Rate_iOS.xcdatamodel */ = {isa = PBXFileReference; lastKnownFileType = wrapper.xcdatamodel; path = Rate_iOS.xcdatamodel; sourceTree = "<group>"; };
		E46FB52C1D4E305800661E13 /* Base */ = {isa = PBXFileReference; lastKnownFileType = file.storyboard; name = Base; path = Base.lproj/LaunchScreen.storyboard; sourceTree = "<group>"; };
		E46FB52E1D4E305800661E13 /* Info.plist */ = {isa = PBXFileReference; lastKnownFileType = text.plist.xml; path = Info.plist; sourceTree = "<group>"; };
		E46FB5331D4E305800661E13 /* Rate-iOSTests.xctest */ = {isa = PBXFileReference; explicitFileType = wrapper.cfbundle; includeInIndex = 0; path = "Rate-iOSTests.xctest"; sourceTree = BUILT_PRODUCTS_DIR; };
		E46FB5371D4E305800661E13 /* Rate_iOSTests.m */ = {isa = PBXFileReference; lastKnownFileType = sourcecode.c.objc; path = Rate_iOSTests.m; sourceTree = "<group>"; };
		E46FB5391D4E305800661E13 /* Info.plist */ = {isa = PBXFileReference; lastKnownFileType = text.plist.xml; path = Info.plist; sourceTree = "<group>"; };
		E46FB53E1D4E305800661E13 /* Rate-iOSUITests.xctest */ = {isa = PBXFileReference; explicitFileType = wrapper.cfbundle; includeInIndex = 0; path = "Rate-iOSUITests.xctest"; sourceTree = BUILT_PRODUCTS_DIR; };
		E46FB5421D4E305800661E13 /* Rate_iOSUITests.m */ = {isa = PBXFileReference; lastKnownFileType = sourcecode.c.objc; path = Rate_iOSUITests.m; sourceTree = "<group>"; };
		E46FB5441D4E305800661E13 /* Info.plist */ = {isa = PBXFileReference; lastKnownFileType = text.plist.xml; path = Info.plist; sourceTree = "<group>"; };
		E46FB5531D4E47CF00661E13 /* RatesTableViewController.h */ = {isa = PBXFileReference; fileEncoding = 4; lastKnownFileType = sourcecode.c.h; path = RatesTableViewController.h; sourceTree = "<group>"; };
		E46FB5541D4E47CF00661E13 /* RatesTableViewController.m */ = {isa = PBXFileReference; fileEncoding = 4; lastKnownFileType = sourcecode.c.objc; path = RatesTableViewController.m; sourceTree = "<group>"; };
		E476EAF61D5849EE0001DCDC /* SubscribeDao.h */ = {isa = PBXFileReference; fileEncoding = 4; lastKnownFileType = sourcecode.c.h; path = SubscribeDao.h; sourceTree = "<group>"; };
		E476EAF71D5849EE0001DCDC /* SubscribeDao.m */ = {isa = PBXFileReference; fileEncoding = 4; lastKnownFileType = sourcecode.c.objc; path = SubscribeDao.m; sourceTree = "<group>"; };
		E4852F8A1D5093590039B79B /* InternetTool.h */ = {isa = PBXFileReference; fileEncoding = 4; lastKnownFileType = sourcecode.c.h; path = InternetTool.h; sourceTree = "<group>"; };
		E4852F8B1D5093590039B79B /* InternetTool.m */ = {isa = PBXFileReference; fileEncoding = 4; lastKnownFileType = sourcecode.c.objc; path = InternetTool.m; sourceTree = "<group>"; };
		E496A79E1D4F095A003B0F1D /* MyProfileTableViewController.h */ = {isa = PBXFileReference; fileEncoding = 4; lastKnownFileType = sourcecode.c.h; path = MyProfileTableViewController.h; sourceTree = "<group>"; };
		E496A79F1D4F095A003B0F1D /* MyProfileTableViewController.m */ = {isa = PBXFileReference; fileEncoding = 4; lastKnownFileType = sourcecode.c.objc; path = MyProfileTableViewController.m; sourceTree = "<group>"; };
		E498D6451D6737FB0083260F /* ProfilePhotoViewController.h */ = {isa = PBXFileReference; fileEncoding = 4; lastKnownFileType = sourcecode.c.h; path = ProfilePhotoViewController.h; sourceTree = "<group>"; };
		E498D6461D6737FB0083260F /* ProfilePhotoViewController.m */ = {isa = PBXFileReference; fileEncoding = 4; lastKnownFileType = sourcecode.c.objc; path = ProfilePhotoViewController.m; sourceTree = "<group>"; };
		E49A351A1D4F35E70073E079 /* MeTableViewController.h */ = {isa = PBXFileReference; fileEncoding = 4; lastKnownFileType = sourcecode.c.h; path = MeTableViewController.h; sourceTree = "<group>"; };
		E49A351B1D4F35E70073E079 /* MeTableViewController.m */ = {isa = PBXFileReference; fileEncoding = 4; lastKnownFileType = sourcecode.c.objc; path = MeTableViewController.m; sourceTree = "<group>"; };
		E49A351D1D4F4CCE0073E079 /* SubscriptionsTableViewController.h */ = {isa = PBXFileReference; fileEncoding = 4; lastKnownFileType = sourcecode.c.h; path = SubscriptionsTableViewController.h; sourceTree = "<group>"; };
		E49A351E1D4F4CCE0073E079 /* SubscriptionsTableViewController.m */ = {isa = PBXFileReference; fileEncoding = 4; lastKnownFileType = sourcecode.c.objc; path = SubscriptionsTableViewController.m; sourceTree = "<group>"; };
		E49A35201D4F4CD90073E079 /* AddSubscribeTableViewController.h */ = {isa = PBXFileReference; fileEncoding = 4; lastKnownFileType = sourcecode.c.h; path = AddSubscribeTableViewController.h; sourceTree = "<group>"; };
		E49A35211D4F4CD90073E079 /* AddSubscribeTableViewController.m */ = {isa = PBXFileReference; fileEncoding = 4; lastKnownFileType = sourcecode.c.objc; path = AddSubscribeTableViewController.m; sourceTree = "<group>"; };
		E4D057A81D544BAB0003ADA4 /* LoadingViewController.h */ = {isa = PBXFileReference; fileEncoding = 4; lastKnownFileType = sourcecode.c.h; path = LoadingViewController.h; sourceTree = "<group>"; };
		E4D057A91D544BAB0003ADA4 /* LoadingViewController.m */ = {isa = PBXFileReference; fileEncoding = 4; lastKnownFileType = sourcecode.c.objc; path = LoadingViewController.m; sourceTree = "<group>"; };
		E4D057AD1D54586C0003ADA4 /* zh-Hans-CN */ = {isa = PBXFileReference; lastKnownFileType = text.plist.strings; name = "zh-Hans-CN"; path = "zh-Hans-CN.lproj/LaunchScreen.strings"; sourceTree = "<group>"; };
		E4D057AE1D54586D0003ADA4 /* zh-Hans-CN */ = {isa = PBXFileReference; lastKnownFileType = text.plist.strings; name = "zh-Hans-CN"; path = "zh-Hans-CN.lproj/Main.strings"; sourceTree = "<group>"; };
		E4D057B91D5498EC0003ADA4 /* RegisterViewController.h */ = {isa = PBXFileReference; fileEncoding = 4; lastKnownFileType = sourcecode.c.h; path = RegisterViewController.h; sourceTree = "<group>"; };
		E4D057BA1D5498EC0003ADA4 /* RegisterViewController.m */ = {isa = PBXFileReference; fileEncoding = 4; lastKnownFileType = sourcecode.c.objc; path = RegisterViewController.m; sourceTree = "<group>"; };
		E4D057BC1D54BF4C0003ADA4 /* AlertTool.h */ = {isa = PBXFileReference; fileEncoding = 4; lastKnownFileType = sourcecode.c.h; path = AlertTool.h; sourceTree = "<group>"; };
		E4D057BD1D54BF4C0003ADA4 /* AlertTool.m */ = {isa = PBXFileReference; fileEncoding = 4; lastKnownFileType = sourcecode.c.objc; path = AlertTool.m; sourceTree = "<group>"; };
		E4E812981D521E50003DEE58 /* LanguagesTableViewController.h */ = {isa = PBXFileReference; fileEncoding = 4; lastKnownFileType = sourcecode.c.h; path = LanguagesTableViewController.h; sourceTree = "<group>"; };
		E4E812991D521E50003DEE58 /* LanguagesTableViewController.m */ = {isa = PBXFileReference; fileEncoding = 4; lastKnownFileType = sourcecode.c.objc; path = LanguagesTableViewController.m; sourceTree = "<group>"; };
		E4EC8A8B1D5229B600CECF5D /* EditSubscriptionTableViewController.h */ = {isa = PBXFileReference; fileEncoding = 4; lastKnownFileType = sourcecode.c.h; path = EditSubscriptionTableViewController.h; sourceTree = "<group>"; };
		E4EC8A8C1D5229B600CECF5D /* EditSubscriptionTableViewController.m */ = {isa = PBXFileReference; fileEncoding = 4; lastKnownFileType = sourcecode.c.objc; path = EditSubscriptionTableViewController.m; sourceTree = "<group>"; };
		E4EC8A8E1D522DC900CECF5D /* FeedbackViewController.h */ = {isa = PBXFileReference; fileEncoding = 4; lastKnownFileType = sourcecode.c.h; path = FeedbackViewController.h; sourceTree = "<group>"; };
		E4EC8A8F1D522DC900CECF5D /* FeedbackViewController.m */ = {isa = PBXFileReference; fileEncoding = 4; lastKnownFileType = sourcecode.c.objc; path = FeedbackViewController.m; sourceTree = "<group>"; };
		E4EEEC0E1D5730D200A50E1C /* NameViewController.h */ = {isa = PBXFileReference; fileEncoding = 4; lastKnownFileType = sourcecode.c.h; path = NameViewController.h; sourceTree = "<group>"; };
		E4EEEC0F1D5730D200A50E1C /* NameViewController.m */ = {isa = PBXFileReference; fileEncoding = 4; lastKnownFileType = sourcecode.c.objc; path = NameViewController.m; sourceTree = "<group>"; };
		E4EEEC111D5730DE00A50E1C /* TelephoneViewController.h */ = {isa = PBXFileReference; fileEncoding = 4; lastKnownFileType = sourcecode.c.h; path = TelephoneViewController.h; sourceTree = "<group>"; };
		E4EEEC121D5730DE00A50E1C /* TelephoneViewController.m */ = {isa = PBXFileReference; fileEncoding = 4; lastKnownFileType = sourcecode.c.objc; path = TelephoneViewController.m; sourceTree = "<group>"; };
		E4EEEC141D5730E900A50E1C /* PasswordViewController.h */ = {isa = PBXFileReference; fileEncoding = 4; lastKnownFileType = sourcecode.c.h; path = PasswordViewController.h; sourceTree = "<group>"; };
		E4EEEC151D5730E900A50E1C /* PasswordViewController.m */ = {isa = PBXFileReference; fileEncoding = 4; lastKnownFileType = sourcecode.c.objc; path = PasswordViewController.m; sourceTree = "<group>"; };
		E4F337511D5CB6140013F4D9 /* MySearchResultsController.h */ = {isa = PBXFileReference; fileEncoding = 4; lastKnownFileType = sourcecode.c.h; path = MySearchResultsController.h; sourceTree = "<group>"; };
		E4F337521D5CB6140013F4D9 /* MySearchResultsController.m */ = {isa = PBXFileReference; fileEncoding = 4; lastKnownFileType = sourcecode.c.objc; path = MySearchResultsController.m; sourceTree = "<group>"; };
		E8DE8CE261D3D91477792600 /* Pods.debug.xcconfig */ = {isa = PBXFileReference; includeInIndex = 1; lastKnownFileType = text.xcconfig; name = Pods.debug.xcconfig; path = "Pods/Target Support Files/Pods/Pods.debug.xcconfig"; sourceTree = "<group>"; };
		F0D8F75365DB741C707980DC /* Pods.release.xcconfig */ = {isa = PBXFileReference; includeInIndex = 1; lastKnownFileType = text.xcconfig; name = Pods.release.xcconfig; path = "Pods/Target Support Files/Pods/Pods.release.xcconfig"; sourceTree = "<group>"; };
/* End PBXFileReference section */

/* Begin PBXFrameworksBuildPhase section */
		E46FB5141D4E305800661E13 /* Frameworks */ = {
			isa = PBXFrameworksBuildPhase;
			buildActionMask = 2147483647;
			files = (
				12BBA0426BE3196BE73A55CB /* Pods.framework in Frameworks */,
			);
			runOnlyForDeploymentPostprocessing = 0;
		};
		E46FB5301D4E305800661E13 /* Frameworks */ = {
			isa = PBXFrameworksBuildPhase;
			buildActionMask = 2147483647;
			files = (
			);
			runOnlyForDeploymentPostprocessing = 0;
		};
		E46FB53B1D4E305800661E13 /* Frameworks */ = {
			isa = PBXFrameworksBuildPhase;
			buildActionMask = 2147483647;
			files = (
			);
			runOnlyForDeploymentPostprocessing = 0;
		};
/* End PBXFrameworksBuildPhase section */

/* Begin PBXGroup section */
		59BE1C6FCB63CAE5BF853C98 /* Pods */ = {
			isa = PBXGroup;
			children = (
				E8DE8CE261D3D91477792600 /* Pods.debug.xcconfig */,
				F0D8F75365DB741C707980DC /* Pods.release.xcconfig */,
			);
			name = Pods;
			sourceTree = "<group>";
		};
		CDD5B5040E8A36BAFCD556F2 /* Frameworks */ = {
			isa = PBXGroup;
			children = (
				90484F32E9B3B223B0DBE339 /* Pods.framework */,
			);
			name = Frameworks;
			sourceTree = "<group>";
		};
		E408A9861D51A81300B34655 /* Model */ = {
			isa = PBXGroup;
			children = (
				E43697651D58488200781223 /* Subscribe+CoreDataProperties.h */,
				E43697661D58488200781223 /* Subscribe+CoreDataProperties.m */,
				E43697671D58488200781223 /* Subscribe.h */,
				E43697681D58488200781223 /* Subscribe.m */,
				E408A9881D51A83600B34655 /* Currency+CoreDataProperties.h */,
				E408A9891D51A83600B34655 /* Currency+CoreDataProperties.m */,
				E408A98A1D51A83600B34655 /* Currency.h */,
				E408A98B1D51A83600B34655 /* Currency.m */,
			);
			name = Model;
			sourceTree = "<group>";
		};
		E408A9871D51A81B00B34655 /* Dao */ = {
			isa = PBXGroup;
			children = (
				E408A9941D51A88A00B34655 /* CurrencyDao.h */,
				E408A9951D51A88A00B34655 /* CurrencyDao.m */,
				E408A98E1D51A84700B34655 /* DaoManager.h */,
				E408A98F1D51A84700B34655 /* DaoManager.m */,
				E408A9901D51A84700B34655 /* DaoTemplate.h */,
				E408A9911D51A84700B34655 /* DaoTemplate.m */,
				E476EAF61D5849EE0001DCDC /* SubscribeDao.h */,
				E476EAF71D5849EE0001DCDC /* SubscribeDao.m */,
			);
			name = Dao;
			sourceTree = "<group>";
		};
		E46FB50E1D4E305800661E13 = {
			isa = PBXGroup;
			children = (
				E46FB5191D4E305800661E13 /* Rate-iOS */,
				E46FB5361D4E305800661E13 /* Rate-iOSTests */,
				E46FB5411D4E305800661E13 /* Rate-iOSUITests */,
				E46FB5181D4E305800661E13 /* Products */,
				59BE1C6FCB63CAE5BF853C98 /* Pods */,
				CDD5B5040E8A36BAFCD556F2 /* Frameworks */,
			);
			sourceTree = "<group>";
		};
		E46FB5181D4E305800661E13 /* Products */ = {
			isa = PBXGroup;
			children = (
				E46FB5171D4E305800661E13 /* Rate-iOS.app */,
				E46FB5331D4E305800661E13 /* Rate-iOSTests.xctest */,
				E46FB53E1D4E305800661E13 /* Rate-iOSUITests.xctest */,
			);
			name = Products;
			sourceTree = "<group>";
		};
		E46FB5191D4E305800661E13 /* Rate-iOS */ = {
			isa = PBXGroup;
			children = (
				E408A9871D51A81B00B34655 /* Dao */,
				E408A9861D51A81300B34655 /* Model */,
				E496A79C1D4F083E003B0F1D /* Me */,
				E496A79B1D4F0831003B0F1D /* Rate */,
				E496A79D1D4F0843003B0F1D /* Subscribe */,
				E46FB51A1D4E305800661E13 /* Supporting Files */,
				E4852F891D50932C0039B79B /* Tool */,
				E46FB51D1D4E305800661E13 /* AppDelegate.h */,
				E46FB51E1D4E305800661E13 /* AppDelegate.m */,
				E46B5BC41D59959C00CE407F /* Assets.xcassets */,
				E46FB52E1D4E305800661E13 /* Info.plist */,
				E46FB52B1D4E305800661E13 /* LaunchScreen.storyboard */,
				E46FB5231D4E305800661E13 /* Main.storyboard */,
				E46FB5261D4E305800661E13 /* Rate_iOS.xcdatamodeld */,
				E41451911D4F88BD00AFE672 /* Rate-iOS-Bridging-Header.h */,
			);
			path = "Rate-iOS";
			sourceTree = "<group>";
		};
		E46FB51A1D4E305800661E13 /* Supporting Files */ = {
			isa = PBXGroup;
			children = (
				E46FB51B1D4E305800661E13 /* main.m */,
				E46B5BC21D58BBEC00CE407F /* right-bg.jpg */,
				E448999F1D534CA800BDD71B /* lauch-bg.jpg */,
			);
			name = "Supporting Files";
			sourceTree = "<group>";
		};
		E46FB5361D4E305800661E13 /* Rate-iOSTests */ = {
			isa = PBXGroup;
			children = (
				E46FB5371D4E305800661E13 /* Rate_iOSTests.m */,
				E46FB5391D4E305800661E13 /* Info.plist */,
			);
			path = "Rate-iOSTests";
			sourceTree = "<group>";
		};
		E46FB5411D4E305800661E13 /* Rate-iOSUITests */ = {
			isa = PBXGroup;
			children = (
				E46FB5421D4E305800661E13 /* Rate_iOSUITests.m */,
				E46FB5441D4E305800661E13 /* Info.plist */,
			);
			path = "Rate-iOSUITests";
			sourceTree = "<group>";
		};
		E4852F891D50932C0039B79B /* Tool */ = {
			isa = PBXGroup;
			children = (
				E4D057BC1D54BF4C0003ADA4 /* AlertTool.h */,
				E4D057BD1D54BF4C0003ADA4 /* AlertTool.m */,
				E408A9831D519EBC00B34655 /* InternetResponse.h */,
				E408A9841D519EBC00B34655 /* InternetResponse.m */,
				E4852F8A1D5093590039B79B /* InternetTool.h */,
				E4852F8B1D5093590039B79B /* InternetTool.m */,
				E408AB9C1D51B51E00B34655 /* UserTool.h */,
				E408AB9D1D51B51E00B34655 /* UserTool.m */,
				E44899961D52DA4600BDD71B /* CommonTool.h */,
				E44899971D52DA4600BDD71B /* CommonTool.m */,
			);
			name = Tool;
			sourceTree = "<group>";
		};
		E496A79B1D4F0831003B0F1D /* Rate */ = {
			isa = PBXGroup;
			children = (
				E408A9971D51AF3D00B34655 /* CurrenciesTableViewController.h */,
				E408A9981D51AF3D00B34655 /* CurrenciesTableViewController.m */,
				E4D057A81D544BAB0003ADA4 /* LoadingViewController.h */,
				E4D057A91D544BAB0003ADA4 /* LoadingViewController.m */,
				E46FB5531D4E47CF00661E13 /* RatesTableViewController.h */,
				E46FB5541D4E47CF00661E13 /* RatesTableViewController.m */,
				E41451971D4F8AA000AFE672 /* RateViewController.h */,
				E41451981D4F8AA000AFE672 /* RateViewController.m */,
				E46B5BBF1D58B46700CE407F /* RightMenuViewController.h */,
				E46B5BC01D58B46700CE407F /* RightMenuViewController.m */,
				E4F337511D5CB6140013F4D9 /* MySearchResultsController.h */,
				E4F337521D5CB6140013F4D9 /* MySearchResultsController.m */,
			);
			name = Rate;
			sourceTree = "<group>";
		};
		E496A79C1D4F083E003B0F1D /* Me */ = {
			isa = PBXGroup;
			children = (
				E4EC8A8E1D522DC900CECF5D /* FeedbackViewController.h */,
				E4EC8A8F1D522DC900CECF5D /* FeedbackViewController.m */,
				E410EEB41D51E5D50077E1D9 /* HelpViewController.h */,
				E410EEB51D51E5D50077E1D9 /* HelpViewController.m */,
				E4E812981D521E50003DEE58 /* LanguagesTableViewController.h */,
				E4E812991D521E50003DEE58 /* LanguagesTableViewController.m */,
				E414519D1D502E8200AFE672 /* LoginViewController.h */,
				E414519E1D502E8200AFE672 /* LoginViewController.m */,
				E49A351A1D4F35E70073E079 /* MeTableViewController.h */,
				E49A351B1D4F35E70073E079 /* MeTableViewController.m */,
				E496A79E1D4F095A003B0F1D /* MyProfileTableViewController.h */,
				E496A79F1D4F095A003B0F1D /* MyProfileTableViewController.m */,
				E4EEEC0E1D5730D200A50E1C /* NameViewController.h */,
				E4EEEC0F1D5730D200A50E1C /* NameViewController.m */,
				E4EEEC141D5730E900A50E1C /* PasswordViewController.h */,
				E4EEEC151D5730E900A50E1C /* PasswordViewController.m */,
				E4D057B91D5498EC0003ADA4 /* RegisterViewController.h */,
				E4D057BA1D5498EC0003ADA4 /* RegisterViewController.m */,
				E4EEEC111D5730DE00A50E1C /* TelephoneViewController.h */,
				E4EEEC121D5730DE00A50E1C /* TelephoneViewController.m */,
				E498D6451D6737FB0083260F /* ProfilePhotoViewController.h */,
				E498D6461D6737FB0083260F /* ProfilePhotoViewController.m */,
			);
			name = Me;
			sourceTree = "<group>";
		};
		E496A79D1D4F0843003B0F1D /* Subscribe */ = {
			isa = PBXGroup;
			children = (
				E49A351D1D4F4CCE0073E079 /* SubscriptionsTableViewController.h */,
				E49A351E1D4F4CCE0073E079 /* SubscriptionsTableViewController.m */,
				E49A35201D4F4CD90073E079 /* AddSubscribeTableViewController.h */,
				E49A35211D4F4CD90073E079 /* AddSubscribeTableViewController.m */,
				E4EC8A8B1D5229B600CECF5D /* EditSubscriptionTableViewController.h */,
				E4EC8A8C1D5229B600CECF5D /* EditSubscriptionTableViewController.m */,
			);
			name = Subscribe;
			sourceTree = "<group>";
		};
/* End PBXGroup section */

/* Begin PBXNativeTarget section */
		E46FB5161D4E305800661E13 /* Rate-iOS */ = {
			isa = PBXNativeTarget;
			buildConfigurationList = E46FB5471D4E305800661E13 /* Build configuration list for PBXNativeTarget "Rate-iOS" */;
			buildPhases = (
				2C097E777585CEE482AB3CD8 /* Check Pods Manifest.lock */,
				E46FB5131D4E305800661E13 /* Sources */,
				E46FB5141D4E305800661E13 /* Frameworks */,
				E46FB5151D4E305800661E13 /* Resources */,
				0778AFD77A87F91B6372E337 /* Embed Pods Frameworks */,
				68DEAD435AE3AB71C2D771C8 /* Copy Pods Resources */,
			);
			buildRules = (
			);
			dependencies = (
			);
			name = "Rate-iOS";
			productName = "Rate-iOS";
			productReference = E46FB5171D4E305800661E13 /* Rate-iOS.app */;
			productType = "com.apple.product-type.application";
		};
		E46FB5321D4E305800661E13 /* Rate-iOSTests */ = {
			isa = PBXNativeTarget;
			buildConfigurationList = E46FB54A1D4E305800661E13 /* Build configuration list for PBXNativeTarget "Rate-iOSTests" */;
			buildPhases = (
				E46FB52F1D4E305800661E13 /* Sources */,
				E46FB5301D4E305800661E13 /* Frameworks */,
				E46FB5311D4E305800661E13 /* Resources */,
			);
			buildRules = (
			);
			dependencies = (
				E46FB5351D4E305800661E13 /* PBXTargetDependency */,
			);
			name = "Rate-iOSTests";
			productName = "Rate-iOSTests";
			productReference = E46FB5331D4E305800661E13 /* Rate-iOSTests.xctest */;
			productType = "com.apple.product-type.bundle.unit-test";
		};
		E46FB53D1D4E305800661E13 /* Rate-iOSUITests */ = {
			isa = PBXNativeTarget;
			buildConfigurationList = E46FB54D1D4E305800661E13 /* Build configuration list for PBXNativeTarget "Rate-iOSUITests" */;
			buildPhases = (
				E46FB53A1D4E305800661E13 /* Sources */,
				E46FB53B1D4E305800661E13 /* Frameworks */,
				E46FB53C1D4E305800661E13 /* Resources */,
			);
			buildRules = (
			);
			dependencies = (
				E46FB5401D4E305800661E13 /* PBXTargetDependency */,
			);
			name = "Rate-iOSUITests";
			productName = "Rate-iOSUITests";
			productReference = E46FB53E1D4E305800661E13 /* Rate-iOSUITests.xctest */;
			productType = "com.apple.product-type.bundle.ui-testing";
		};
/* End PBXNativeTarget section */

/* Begin PBXProject section */
		E46FB50F1D4E305800661E13 /* Project object */ = {
			isa = PBXProject;
			attributes = {
				LastUpgradeCheck = 0730;
				ORGANIZATIONNAME = MuShare;
				TargetAttributes = {
					E46FB5161D4E305800661E13 = {
						CreatedOnToolsVersion = 7.3;
						DevelopmentTeam = 6ANM44X2CJ;
						SystemCapabilities = {
							com.apple.BackgroundModes = {
								enabled = 1;
							};
							com.apple.Push = {
								enabled = 1;
							};
						};
					};
					E46FB5321D4E305800661E13 = {
						CreatedOnToolsVersion = 7.3;
						TestTargetID = E46FB5161D4E305800661E13;
					};
					E46FB53D1D4E305800661E13 = {
						CreatedOnToolsVersion = 7.3;
						TestTargetID = E46FB5161D4E305800661E13;
					};
				};
			};
			buildConfigurationList = E46FB5121D4E305800661E13 /* Build configuration list for PBXProject "Rate-iOS" */;
			compatibilityVersion = "Xcode 3.2";
			developmentRegion = English;
			hasScannedForEncodings = 0;
			knownRegions = (
				en,
				Base,
			);
			mainGroup = E46FB50E1D4E305800661E13;
			productRefGroup = E46FB5181D4E305800661E13 /* Products */;
			projectDirPath = "";
			projectRoot = "";
			targets = (
				E46FB5161D4E305800661E13 /* Rate-iOS */,
				E46FB5321D4E305800661E13 /* Rate-iOSTests */,
				E46FB53D1D4E305800661E13 /* Rate-iOSUITests */,
			);
		};
/* End PBXProject section */

/* Begin PBXResourcesBuildPhase section */
		E46FB5151D4E305800661E13 /* Resources */ = {
			isa = PBXResourcesBuildPhase;
			buildActionMask = 2147483647;
			files = (
				E44899A01D534CA800BDD71B /* lauch-bg.jpg in Resources */,
				E46B5BC51D59959C00CE407F /* Assets.xcassets in Resources */,
				E46FB52D1D4E305800661E13 /* LaunchScreen.storyboard in Resources */,
				E46FB5251D4E305800661E13 /* Main.storyboard in Resources */,
				E46B5BC31D58BBEC00CE407F /* right-bg.jpg in Resources */,
			);
			runOnlyForDeploymentPostprocessing = 0;
		};
		E46FB5311D4E305800661E13 /* Resources */ = {
			isa = PBXResourcesBuildPhase;
			buildActionMask = 2147483647;
			files = (
			);
			runOnlyForDeploymentPostprocessing = 0;
		};
		E46FB53C1D4E305800661E13 /* Resources */ = {
			isa = PBXResourcesBuildPhase;
			buildActionMask = 2147483647;
			files = (
			);
			runOnlyForDeploymentPostprocessing = 0;
		};
/* End PBXResourcesBuildPhase section */

/* Begin PBXShellScriptBuildPhase section */
		0778AFD77A87F91B6372E337 /* Embed Pods Frameworks */ = {
			isa = PBXShellScriptBuildPhase;
			buildActionMask = 2147483647;
			files = (
			);
			inputPaths = (
			);
			name = "Embed Pods Frameworks";
			outputPaths = (
			);
			runOnlyForDeploymentPostprocessing = 0;
			shellPath = /bin/sh;
			shellScript = "\"${SRCROOT}/Pods/Target Support Files/Pods/Pods-frameworks.sh\"\n";
			showEnvVarsInLog = 0;
		};
		2C097E777585CEE482AB3CD8 /* Check Pods Manifest.lock */ = {
			isa = PBXShellScriptBuildPhase;
			buildActionMask = 2147483647;
			files = (
			);
			inputPaths = (
			);
			name = "Check Pods Manifest.lock";
			outputPaths = (
			);
			runOnlyForDeploymentPostprocessing = 0;
			shellPath = /bin/sh;
			shellScript = "diff \"${PODS_ROOT}/../Podfile.lock\" \"${PODS_ROOT}/Manifest.lock\" > /dev/null\nif [[ $? != 0 ]] ; then\n    cat << EOM\nerror: The sandbox is not in sync with the Podfile.lock. Run 'pod install' or update your CocoaPods installation.\nEOM\n    exit 1\nfi\n";
			showEnvVarsInLog = 0;
		};
		68DEAD435AE3AB71C2D771C8 /* Copy Pods Resources */ = {
			isa = PBXShellScriptBuildPhase;
			buildActionMask = 2147483647;
			files = (
			);
			inputPaths = (
			);
			name = "Copy Pods Resources";
			outputPaths = (
			);
			runOnlyForDeploymentPostprocessing = 0;
			shellPath = /bin/sh;
			shellScript = "\"${SRCROOT}/Pods/Target Support Files/Pods/Pods-resources.sh\"\n";
			showEnvVarsInLog = 0;
		};
/* End PBXShellScriptBuildPhase section */

/* Begin PBXSourcesBuildPhase section */
		E46FB5131D4E305800661E13 /* Sources */ = {
			isa = PBXSourcesBuildPhase;
			buildActionMask = 2147483647;
			files = (
				E41451991D4F8AA000AFE672 /* RateViewController.m in Sources */,
				E4E8129A1D521E50003DEE58 /* LanguagesTableViewController.m in Sources */,
				E46FB51F1D4E305800661E13 /* AppDelegate.m in Sources */,
				E4EEEC131D5730DE00A50E1C /* TelephoneViewController.m in Sources */,
				E476EAF81D5849EE0001DCDC /* SubscribeDao.m in Sources */,
				E4D057BB1D5498EC0003ADA4 /* RegisterViewController.m in Sources */,
				E408A98C1D51A83600B34655 /* Currency+CoreDataProperties.m in Sources */,
				E49A351C1D4F35E70073E079 /* MeTableViewController.m in Sources */,
				E410EEB61D51E5D50077E1D9 /* HelpViewController.m in Sources */,
				E49A35221D4F4CD90073E079 /* AddSubscribeTableViewController.m in Sources */,
				E414519F1D502E8200AFE672 /* LoginViewController.m in Sources */,
				E408AB9E1D51B51E00B34655 /* UserTool.m in Sources */,
				E408A9851D519EBC00B34655 /* InternetResponse.m in Sources */,
				E46B5BC11D58B46700CE407F /* RightMenuViewController.m in Sources */,
				E496A7A01D4F095A003B0F1D /* MyProfileTableViewController.m in Sources */,
				E4F337531D5CB6140013F4D9 /* MySearchResultsController.m in Sources */,
				E408A9931D51A84700B34655 /* DaoTemplate.m in Sources */,
				E4852F8C1D5093590039B79B /* InternetTool.m in Sources */,
				E408A9921D51A84700B34655 /* DaoManager.m in Sources */,
				E46FB5551D4E47CF00661E13 /* RatesTableViewController.m in Sources */,
				E46FB51C1D4E305800661E13 /* main.m in Sources */,
				E49A351F1D4F4CCE0073E079 /* SubscriptionsTableViewController.m in Sources */,
				E4EC8A901D522DC900CECF5D /* FeedbackViewController.m in Sources */,
				E4EEEC161D5730E900A50E1C /* PasswordViewController.m in Sources */,
				E43697691D58488200781223 /* Subscribe+CoreDataProperties.m in Sources */,
				E4D057BE1D54BF4C0003ADA4 /* AlertTool.m in Sources */,
				E408A98D1D51A83600B34655 /* Currency.m in Sources */,
				E4EEEC101D5730D200A50E1C /* NameViewController.m in Sources */,
				E4EC8A8D1D5229B600CECF5D /* EditSubscriptionTableViewController.m in Sources */,
				E4D057AA1D544BAC0003ADA4 /* LoadingViewController.m in Sources */,
				E408A9961D51A88A00B34655 /* CurrencyDao.m in Sources */,
				E408A9991D51AF3D00B34655 /* CurrenciesTableViewController.m in Sources */,
				E498D6471D6737FB0083260F /* ProfilePhotoViewController.m in Sources */,
				E44899981D52DA4600BDD71B /* CommonTool.m in Sources */,
				E46FB5281D4E305800661E13 /* Rate_iOS.xcdatamodeld in Sources */,
				E436976A1D58488200781223 /* Subscribe.m in Sources */,
			);
			runOnlyForDeploymentPostprocessing = 0;
		};
		E46FB52F1D4E305800661E13 /* Sources */ = {
			isa = PBXSourcesBuildPhase;
			buildActionMask = 2147483647;
			files = (
				E46FB5381D4E305800661E13 /* Rate_iOSTests.m in Sources */,
			);
			runOnlyForDeploymentPostprocessing = 0;
		};
		E46FB53A1D4E305800661E13 /* Sources */ = {
			isa = PBXSourcesBuildPhase;
			buildActionMask = 2147483647;
			files = (
				E46FB5431D4E305800661E13 /* Rate_iOSUITests.m in Sources */,
			);
			runOnlyForDeploymentPostprocessing = 0;
		};
/* End PBXSourcesBuildPhase section */

/* Begin PBXTargetDependency section */
		E46FB5351D4E305800661E13 /* PBXTargetDependency */ = {
			isa = PBXTargetDependency;
			target = E46FB5161D4E305800661E13 /* Rate-iOS */;
			targetProxy = E46FB5341D4E305800661E13 /* PBXContainerItemProxy */;
		};
		E46FB5401D4E305800661E13 /* PBXTargetDependency */ = {
			isa = PBXTargetDependency;
			target = E46FB5161D4E305800661E13 /* Rate-iOS */;
			targetProxy = E46FB53F1D4E305800661E13 /* PBXContainerItemProxy */;
		};
/* End PBXTargetDependency section */

/* Begin PBXVariantGroup section */
		E46FB5231D4E305800661E13 /* Main.storyboard */ = {
			isa = PBXVariantGroup;
			children = (
				E46FB5241D4E305800661E13 /* Base */,
				E4D057AE1D54586D0003ADA4 /* zh-Hans-CN */,
			);
			name = Main.storyboard;
			sourceTree = "<group>";
		};
		E46FB52B1D4E305800661E13 /* LaunchScreen.storyboard */ = {
			isa = PBXVariantGroup;
			children = (
				E46FB52C1D4E305800661E13 /* Base */,
				E4D057AD1D54586C0003ADA4 /* zh-Hans-CN */,
			);
			name = LaunchScreen.storyboard;
			sourceTree = "<group>";
		};
/* End PBXVariantGroup section */

/* Begin XCBuildConfiguration section */
		E46FB5451D4E305800661E13 /* Debug */ = {
			isa = XCBuildConfiguration;
			buildSettings = {
				ALWAYS_SEARCH_USER_PATHS = NO;
				CLANG_ANALYZER_NONNULL = YES;
				CLANG_CXX_LANGUAGE_STANDARD = "gnu++0x";
				CLANG_CXX_LIBRARY = "libc++";
				CLANG_ENABLE_MODULES = YES;
				CLANG_ENABLE_OBJC_ARC = YES;
				CLANG_WARN_BOOL_CONVERSION = YES;
				CLANG_WARN_CONSTANT_CONVERSION = YES;
				CLANG_WARN_DIRECT_OBJC_ISA_USAGE = YES_ERROR;
				CLANG_WARN_EMPTY_BODY = YES;
				CLANG_WARN_ENUM_CONVERSION = YES;
				CLANG_WARN_INT_CONVERSION = YES;
				CLANG_WARN_OBJC_ROOT_CLASS = YES_ERROR;
				CLANG_WARN_UNREACHABLE_CODE = YES;
				CLANG_WARN__DUPLICATE_METHOD_MATCH = YES;
				"CODE_SIGN_IDENTITY[sdk=iphoneos*]" = "iPhone Developer";
				COPY_PHASE_STRIP = NO;
				DEBUG_INFORMATION_FORMAT = dwarf;
				ENABLE_STRICT_OBJC_MSGSEND = YES;
				ENABLE_TESTABILITY = YES;
				GCC_C_LANGUAGE_STANDARD = gnu99;
				GCC_DYNAMIC_NO_PIC = NO;
				GCC_NO_COMMON_BLOCKS = YES;
				GCC_OPTIMIZATION_LEVEL = 0;
				GCC_PREPROCESSOR_DEFINITIONS = (
					"DEBUG=1",
					"$(inherited)",
				);
				GCC_WARN_64_TO_32_BIT_CONVERSION = YES;
				GCC_WARN_ABOUT_RETURN_TYPE = YES_ERROR;
				GCC_WARN_UNDECLARED_SELECTOR = YES;
				GCC_WARN_UNINITIALIZED_AUTOS = YES_AGGRESSIVE;
				GCC_WARN_UNUSED_FUNCTION = YES;
				GCC_WARN_UNUSED_VARIABLE = YES;
				IPHONEOS_DEPLOYMENT_TARGET = 8.4;
				MTL_ENABLE_DEBUG_INFO = YES;
				ONLY_ACTIVE_ARCH = YES;
				SDKROOT = iphoneos;
			};
			name = Debug;
		};
		E46FB5461D4E305800661E13 /* Release */ = {
			isa = XCBuildConfiguration;
			buildSettings = {
				ALWAYS_SEARCH_USER_PATHS = NO;
				CLANG_ANALYZER_NONNULL = YES;
				CLANG_CXX_LANGUAGE_STANDARD = "gnu++0x";
				CLANG_CXX_LIBRARY = "libc++";
				CLANG_ENABLE_MODULES = YES;
				CLANG_ENABLE_OBJC_ARC = YES;
				CLANG_WARN_BOOL_CONVERSION = YES;
				CLANG_WARN_CONSTANT_CONVERSION = YES;
				CLANG_WARN_DIRECT_OBJC_ISA_USAGE = YES_ERROR;
				CLANG_WARN_EMPTY_BODY = YES;
				CLANG_WARN_ENUM_CONVERSION = YES;
				CLANG_WARN_INT_CONVERSION = YES;
				CLANG_WARN_OBJC_ROOT_CLASS = YES_ERROR;
				CLANG_WARN_UNREACHABLE_CODE = YES;
				CLANG_WARN__DUPLICATE_METHOD_MATCH = YES;
				"CODE_SIGN_IDENTITY[sdk=iphoneos*]" = "iPhone Developer";
				COPY_PHASE_STRIP = NO;
				DEBUG_INFORMATION_FORMAT = "dwarf-with-dsym";
				ENABLE_NS_ASSERTIONS = NO;
				ENABLE_STRICT_OBJC_MSGSEND = YES;
				GCC_C_LANGUAGE_STANDARD = gnu99;
				GCC_NO_COMMON_BLOCKS = YES;
				GCC_WARN_64_TO_32_BIT_CONVERSION = YES;
				GCC_WARN_ABOUT_RETURN_TYPE = YES_ERROR;
				GCC_WARN_UNDECLARED_SELECTOR = YES;
				GCC_WARN_UNINITIALIZED_AUTOS = YES_AGGRESSIVE;
				GCC_WARN_UNUSED_FUNCTION = YES;
				GCC_WARN_UNUSED_VARIABLE = YES;
				IPHONEOS_DEPLOYMENT_TARGET = 8.4;
				MTL_ENABLE_DEBUG_INFO = NO;
				SDKROOT = iphoneos;
				VALIDATE_PRODUCT = YES;
			};
			name = Release;
		};
		E46FB5481D4E305800661E13 /* Debug */ = {
			isa = XCBuildConfiguration;
			baseConfigurationReference = E8DE8CE261D3D91477792600 /* Pods.debug.xcconfig */;
			buildSettings = {
				ASSETCATALOG_COMPILER_APPICON_NAME = AppIcon;
				CLANG_ENABLE_MODULES = YES;
				CODE_SIGN_IDENTITY = "iPhone Developer";
				"CODE_SIGN_IDENTITY[sdk=iphoneos*]" = "iPhone Developer";
				INFOPLIST_FILE = "Rate-iOS/Info.plist";
				IPHONEOS_DEPLOYMENT_TARGET = 8.4;
				LD_RUNPATH_SEARCH_PATHS = "$(inherited) @executable_path/Frameworks";
				PRODUCT_BUNDLE_IDENTIFIER = "pw.fczm.app.Rate-iOS";
				PRODUCT_NAME = "$(TARGET_NAME)";
				PROVISIONING_PROFILE = "";
				SWIFT_OBJC_BRIDGING_HEADER = "Rate-iOS/Rate-iOS-Bridging-Header.h";
				SWIFT_OPTIMIZATION_LEVEL = "-Onone";
				TARGETED_DEVICE_FAMILY = "1,2";
			};
			name = Debug;
		};
		E46FB5491D4E305800661E13 /* Release */ = {
			isa = XCBuildConfiguration;
			baseConfigurationReference = F0D8F75365DB741C707980DC /* Pods.release.xcconfig */;
			buildSettings = {
				ASSETCATALOG_COMPILER_APPICON_NAME = AppIcon;
				CLANG_ENABLE_MODULES = YES;
				CODE_SIGN_IDENTITY = "iPhone Developer";
				"CODE_SIGN_IDENTITY[sdk=iphoneos*]" = "iPhone Developer";
				ENABLE_TESTABILITY = YES;
				GCC_PREPROCESSOR_DEFINITIONS = (
					"$(inherited)",
					"DEBUG=0",
				);
				INFOPLIST_FILE = "Rate-iOS/Info.plist";
				IPHONEOS_DEPLOYMENT_TARGET = 8.4;
				LD_RUNPATH_SEARCH_PATHS = "$(inherited) @executable_path/Frameworks";
				ONLY_ACTIVE_ARCH = NO;
				PRODUCT_BUNDLE_IDENTIFIER = "pw.fczm.app.Rate-iOS";
				PRODUCT_NAME = "$(TARGET_NAME)";
				PROVISIONING_PROFILE = "";
				SWIFT_OBJC_BRIDGING_HEADER = "Rate-iOS/Rate-iOS-Bridging-Header.h";
				TARGETED_DEVICE_FAMILY = "1,2";
			};
			name = Release;
		};
		E46FB54B1D4E305800661E13 /* Debug */ = {
			isa = XCBuildConfiguration;
			buildSettings = {
				BUNDLE_LOADER = "$(TEST_HOST)";
				INFOPLIST_FILE = "Rate-iOSTests/Info.plist";
				LD_RUNPATH_SEARCH_PATHS = "$(inherited) @executable_path/Frameworks @loader_path/Frameworks";
				PRODUCT_BUNDLE_IDENTIFIER = "pw.fczm.app.Rate-iOSTests";
				PRODUCT_NAME = "$(TARGET_NAME)";
				TEST_HOST = "$(BUILT_PRODUCTS_DIR)/Rate-iOS.app/Rate-iOS";
			};
			name = Debug;
		};
		E46FB54C1D4E305800661E13 /* Release */ = {
			isa = XCBuildConfiguration;
			buildSettings = {
				BUNDLE_LOADER = "$(TEST_HOST)";
				INFOPLIST_FILE = "Rate-iOSTests/Info.plist";
				LD_RUNPATH_SEARCH_PATHS = "$(inherited) @executable_path/Frameworks @loader_path/Frameworks";
				PRODUCT_BUNDLE_IDENTIFIER = "pw.fczm.app.Rate-iOSTests";
				PRODUCT_NAME = "$(TARGET_NAME)";
				TEST_HOST = "$(BUILT_PRODUCTS_DIR)/Rate-iOS.app/Rate-iOS";
			};
			name = Release;
		};
		E46FB54E1D4E305800661E13 /* Debug */ = {
			isa = XCBuildConfiguration;
			buildSettings = {
				INFOPLIST_FILE = "Rate-iOSUITests/Info.plist";
				LD_RUNPATH_SEARCH_PATHS = "$(inherited) @executable_path/Frameworks @loader_path/Frameworks";
				PRODUCT_BUNDLE_IDENTIFIER = "pw.fczm.app.Rate-iOSUITests";
				PRODUCT_NAME = "$(TARGET_NAME)";
				TEST_TARGET_NAME = "Rate-iOS";
			};
			name = Debug;
		};
		E46FB54F1D4E305800661E13 /* Release */ = {
			isa = XCBuildConfiguration;
			buildSettings = {
				INFOPLIST_FILE = "Rate-iOSUITests/Info.plist";
				LD_RUNPATH_SEARCH_PATHS = "$(inherited) @executable_path/Frameworks @loader_path/Frameworks";
				PRODUCT_BUNDLE_IDENTIFIER = "pw.fczm.app.Rate-iOSUITests";
				PRODUCT_NAME = "$(TARGET_NAME)";
				TEST_TARGET_NAME = "Rate-iOS";
			};
			name = Release;
		};
/* End XCBuildConfiguration section */

/* Begin XCConfigurationList section */
		E46FB5121D4E305800661E13 /* Build configuration list for PBXProject "Rate-iOS" */ = {
			isa = XCConfigurationList;
			buildConfigurations = (
				E46FB5451D4E305800661E13 /* Debug */,
				E46FB5461D4E305800661E13 /* Release */,
			);
			defaultConfigurationIsVisible = 0;
			defaultConfigurationName = Release;
		};
		E46FB5471D4E305800661E13 /* Build configuration list for PBXNativeTarget "Rate-iOS" */ = {
			isa = XCConfigurationList;
			buildConfigurations = (
				E46FB5481D4E305800661E13 /* Debug */,
				E46FB5491D4E305800661E13 /* Release */,
			);
			defaultConfigurationIsVisible = 0;
			defaultConfigurationName = Release;
		};
		E46FB54A1D4E305800661E13 /* Build configuration list for PBXNativeTarget "Rate-iOSTests" */ = {
			isa = XCConfigurationList;
			buildConfigurations = (
				E46FB54B1D4E305800661E13 /* Debug */,
				E46FB54C1D4E305800661E13 /* Release */,
			);
			defaultConfigurationIsVisible = 0;
			defaultConfigurationName = Release;
		};
		E46FB54D1D4E305800661E13 /* Build configuration list for PBXNativeTarget "Rate-iOSUITests" */ = {
			isa = XCConfigurationList;
			buildConfigurations = (
				E46FB54E1D4E305800661E13 /* Debug */,
				E46FB54F1D4E305800661E13 /* Release */,
			);
			defaultConfigurationIsVisible = 0;
			defaultConfigurationName = Release;
		};
/* End XCConfigurationList section */

/* Begin XCVersionGroup section */
		E46FB5261D4E305800661E13 /* Rate_iOS.xcdatamodeld */ = {
			isa = XCVersionGroup;
			children = (
				E46FB5271D4E305800661E13 /* Rate_iOS.xcdatamodel */,
			);
			currentVersion = E46FB5271D4E305800661E13 /* Rate_iOS.xcdatamodel */;
			path = Rate_iOS.xcdatamodeld;
			sourceTree = "<group>";
			versionGroupType = wrapper.xcdatamodel;
		};
/* End XCVersionGroup section */
	};
	rootObject = E46FB50F1D4E305800661E13 /* Project object */;
}
